
Microsoft Visual Studio Solution File, Format Version 12.00
# Visual Studio Version 16
VisualStudioVersion = 16.0.30804.86
MinimumVisualStudioVersion = 10.0.40219.1
Project("{FAE04EC0-301F-11D3-BF4B-00C04F79EFBC}") = "Monolith.Backend.API", "Monolith.Backend.API\Monolith.Backend.API.csproj", "{0F2BF434-A225-4226-95FE-7808E300D572}"
EndProject
Global
	GlobalSection(SolutionConfigurationPlatforms) = preSolution
		Debug|Any CPU = Debug|Any CPU
		Release|Any CPU = Release|Any CPU
	EndGlobalSection
	GlobalSection(ProjectConfigurationPlatforms) = postSolution
		{0F2BF434-A225-4226-95FE-7808E300D572}.Debug|Any CPU.ActiveCfg = Debug|Any CPU
		{0F2BF434-A225-4226-95FE-7808E300D572}.Debug|Any CPU.Build.0 = Debug|Any CPU
		{0F2BF434-A225-4226-95FE-7808E300D572}.Release|Any CPU.ActiveCfg = Release|Any CPU
		{0F2BF434-A225-4226-95FE-7808E300D572}.Release|Any CPU.Build.0 = Release|Any CPU
	EndGlobalSection
	GlobalSection(SolutionProperties) = preSolution
		HideSolutionNode = FALSE
	EndGlobalSection
	GlobalSection(ExtensibilityGlobals) = postSolution
		SolutionGuid = {4220C305-0E47-4BFD-9E58-E23421548100}
	EndGlobalSection
EndGlobal
